
Microsoft Visual Studio Solution File, Format Version 12.00
# Visual Studio 15
VisualStudioVersion = 15.0.34112.143
MinimumVisualStudioVersion = 10.0.40219.1
Project("{FAE04EC0-301F-11D3-BF4B-00C04F79EFBC}") = "E-ticaret-sitesi", "E-ticaret-sitesi\E-ticaret-sitesi.csproj", "{7CD16817-DC35-48E7-A7C9-F840324462E5}"
EndProject
Global
	GlobalSection(SolutionConfigurationPlatforms) = preSolution
		Debug|Any CPU = Debug|Any CPU
		Release|Any CPU = Release|Any CPU
	EndGlobalSection
	GlobalSection(ProjectConfigurationPlatforms) = postSolution
		{7CD16817-DC35-48E7-A7C9-F840324462E5}.Debug|Any CPU.ActiveCfg = Debug|Any CPU
		{7CD16817-DC35-48E7-A7C9-F840324462E5}.Debug|Any CPU.Build.0 = Debug|Any CPU
		{7CD16817-DC35-48E7-A7C9-F840324462E5}.Release|Any CPU.ActiveCfg = Release|Any CPU
		{7CD16817-DC35-48E7-A7C9-F840324462E5}.Release|Any CPU.Build.0 = Release|Any CPU
	EndGlobalSection
	GlobalSection(SolutionProperties) = preSolution
		HideSolutionNode = FALSE
	EndGlobalSection
	GlobalSection(ExtensibilityGlobals) = postSolution
		SolutionGuid = {F3F9D66E-F10C-4532-AE4D-9579DBA6B54F}
	EndGlobalSection
EndGlobal
